
Microsoft Visual Studio Solution File, Format Version 12.00
# Visual Studio Version 17
VisualStudioVersion = 17.7.34003.232
MinimumVisualStudioVersion = 10.0.40219.1
Project("{FAE04EC0-301F-11D3-BF4B-00C04F79EFBC}") = "Messaging.API", "Messaging.API.csproj", "{FC67E388-123B-493B-9274-0918D37172D8}"
EndProject
Global
	GlobalSection(SolutionConfigurationPlatforms) = preSolution
		Debug|Any CPU = Debug|Any CPU
		Release|Any CPU = Release|Any CPU
	EndGlobalSection
	GlobalSection(ProjectConfigurationPlatforms) = postSolution
		{FC67E388-123B-493B-9274-0918D37172D8}.Debug|Any CPU.ActiveCfg = Debug|Any CPU
		{FC67E388-123B-493B-9274-0918D37172D8}.Debug|Any CPU.Build.0 = Debug|Any CPU
		{FC67E388-123B-493B-9274-0918D37172D8}.Release|Any CPU.ActiveCfg = Release|Any CPU
		{FC67E388-123B-493B-9274-0918D37172D8}.Release|Any CPU.Build.0 = Release|Any CPU
	EndGlobalSection
	GlobalSection(SolutionProperties) = preSolution
		HideSolutionNode = FALSE
	EndGlobalSection
	GlobalSection(ExtensibilityGlobals) = postSolution
		SolutionGuid = {5D4B1DC3-B66D-4564-AC11-83AD0B47C643}
	EndGlobalSection
EndGlobal
